<?xml version="1.0" encoding="utf-8"?>
<Project ToolsVersion="4.0" xmlns="http://schemas.microsoft.com/developer/msbuild/2003">
  <ItemGroup>
    <Filter Include="Файлы исходного кода">
      <UniqueIdentifier>{4FC737F1-C7A5-4376-A066-2A32D752A2FF}</UniqueIdentifier>
      <Extensions>cpp;c;cc;cxx;def;odl;idl;hpj;bat;asm;asmx</Extensions>
    </Filter>
    <Filter Include="Заголовочные файлы">
      <UniqueIdentifier>{93995380-89BD-4b04-88EB-625FBE52EBFB}</UniqueIdentifier>
      <Extensions>h;hh;hpp;hxx;hm;inl;inc;xsd</Extensions>
    </Filter>
    <Filter Include="Файлы ресурсов">
      <UniqueIdentifier>{67DA6AB6-F800-4c08-8B7A-83BB121AAD01}</UniqueIdentifier>
      <Extensions>rc;ico;cur;bmp;dlg;rc2;rct;bin;rgs;gif;jpg;jpeg;jpe;resx;tiff;tif;png;wav;mfcribbon-ms</Extensions>
    </Filter>
    <Filter Include="Заголовочные файлы\Graphics">
      <UniqueIdentifier>{8b74c4ca-5c91-4da8-a58c-8699a01a6bac}</UniqueIdentifier>
    </Filter>
    <Filter Include="Заголовочные файлы\Physics">
      <UniqueIdentifier>{19e4a365-3f75-4b0c-bac4-cc5dd2fd2f19}</UniqueIdentifier>
    </Filter>
    <Filter Include="Заголовочные файлы\Input">
      <UniqueIdentifier>{6b469ac0-8e9e-4a8f-b171-0cb2878db636}</UniqueIdentifier>
    </Filter>
    <Filter Include="Заголовочные файлы\Data">
      <UniqueIdentifier>{df8c2778-d1ea-4079-b05f-09b8ceeaa049}</UniqueIdentifier>
    </Filter>
  </ItemGroup>
  <ItemGroup>
    <ClCompile Include="Main.cpp">
      <Filter>Файлы исходного кода</Filter>
    </ClCompile>
    <ClCompile Include="PlayerInputComponent.cpp">
      <Filter>Файлы исходного кода</Filter>
    </ClCompile>
    <ClCompile Include="Entity.cpp">
      <Filter>Файлы исходного кода</Filter>
    </ClCompile>
    <ClCompile Include="Player.cpp">
      <Filter>Файлы исходного кода</Filter>
    </ClCompile>
    <ClCompile Include="GameObject.cpp">
      <Filter>Файлы исходного кода</Filter>
    </ClCompile>
    <ClCompile Include="PlayerPhysicsComponent.cpp">
      <Filter>Файлы исходного кода</Filter>
    </ClCompile>
    <ClCompile Include="PlayerDataComponent.cpp">
      <Filter>Файлы исходного кода</Filter>
    </ClCompile>
    <ClCompile Include="PlayerGraphicsComponent.cpp">
      <Filter>Файлы исходного кода</Filter>
    </ClCompile>
    <ClCompile Include="menu.cpp">
      <Filter>Файлы исходного кода</Filter>
    </ClCompile>
    <ClCompile Include="Button.cpp">
      <Filter>Файлы исходного кода</Filter>
    </ClCompile>
    <ClCompile Include="CloudGraphicsComponent.cpp">
      <Filter>Файлы исходного кода</Filter>
    </ClCompile>
    <ClCompile Include="CloudDataComponent.cpp">
      <Filter>Файлы исходного кода</Filter>
    </ClCompile>
    <ClCompile Include="CloudPhysicsComponent.cpp">
      <Filter>Файлы исходного кода</Filter>
    </ClCompile>
    <ClCompile Include="EmptyInputComponent.cpp">
      <Filter>Файлы исходного кода</Filter>
    </ClCompile>
  </ItemGroup>
  <ItemGroup>
    <ClInclude Include="Entity.h">
      <Filter>Заголовочные файлы</Filter>
    </ClInclude>
    <ClInclude Include="Player.h">
      <Filter>Заголовочные файлы</Filter>
    </ClInclude>
    <ClInclude Include="GameObject.h">
      <Filter>Заголовочные файлы</Filter>
    </ClInclude>
    <ClInclude Include="GraphicsComponent.h">
      <Filter>Заголовочные файлы\Graphics</Filter>
    </ClInclude>
    <ClInclude Include="PhysicsComponent.h">
      <Filter>Заголовочные файлы\Physics</Filter>
    </ClInclude>
    <ClInclude Include="InputComponent.h">
      <Filter>Заголовочные файлы\Input</Filter>
    </ClInclude>
    <ClInclude Include="PlayerInputComponent.h">
      <Filter>Заголовочные файлы\Input</Filter>
    </ClInclude>
    <ClInclude Include="PlayerPhysicsComponent.h">
      <Filter>Заголовочные файлы\Physics</Filter>
    </ClInclude>
    <ClInclude Include="DataComponent.h">
      <Filter>Заголовочные файлы\Data</Filter>
    </ClInclude>
    <ClInclude Include="PlayerDataComponent.h">
      <Filter>Заголовочные файлы\Data</Filter>
    </ClInclude>
    <ClInclude Include="PlayerGraphicsComponent.h">
      <Filter>Заголовочные файлы\Graphics</Filter>
    </ClInclude>
    <ClInclude Include="menu.h">
      <Filter>Заголовочные файлы</Filter>
    </ClInclude>
    <ClInclude Include="Button.h">
      <Filter>Заголовочные файлы</Filter>
    </ClInclude>
    <ClInclude Include="CloudGraphicsComponent.h">
      <Filter>Заголовочные файлы\Graphics</Filter>
    </ClInclude>
    <ClInclude Include="CloudDataComponent.h">
      <Filter>Заголовочные файлы\Data</Filter>
    </ClInclude>
    <ClInclude Include="CloudPhysicsComponent.h">
      <Filter>Заголовочные файлы\Physics</Filter>
    </ClInclude>
    <ClInclude Include="EmptyInputComponent.h">
      <Filter>Заголовочные файлы\Input</Filter>
    </ClInclude>
  </ItemGroup>
</Project>